
Microsoft Visual Studio Solution File, Format Version 12.00
# Visual Studio Version 17
VisualStudioVersion = 17.8.34511.84
MinimumVisualStudioVersion = 10.0.40219.1
Project("{E24C65DC-7377-472B-9ABA-BC803B73C61A}") = "MP_CDF", ".", "{227E5369-13FB-4AF8-8A8F-3132430DD5D2}"
	ProjectSection(WebsiteProperties) = preProject
		TargetFrameworkMoniker = ".NETFramework,Version%3Dv4.8.1"
		Debug.AspNetCompiler.VirtualPath = "/localhost_53013"
		Debug.AspNetCompiler.PhysicalPath = "..\MP_CDF\"
		Debug.AspNetCompiler.TargetPath = "PrecompiledWeb\localhost_53013\"
		Debug.AspNetCompiler.Updateable = "true"
		Debug.AspNetCompiler.ForceOverwrite = "true"
		Debug.AspNetCompiler.FixedNames = "false"
		Debug.AspNetCompiler.Debug = "True"
		Release.AspNetCompiler.VirtualPath = "/localhost_53013"
		Release.AspNetCompiler.PhysicalPath = "..\MP_CDF\"
		Release.AspNetCompiler.TargetPath = "PrecompiledWeb\localhost_53013\"
		Release.AspNetCompiler.Updateable = "true"
		Release.AspNetCompiler.ForceOverwrite = "true"
		Release.AspNetCompiler.FixedNames = "false"
		Release.AspNetCompiler.Debug = "False"
		VWDPort = "53013"
		SlnRelativePath = "..\MP_CDF\"
	EndProjectSection
EndProject
Global
	GlobalSection(SolutionConfigurationPlatforms) = preSolution
		Debug|Any CPU = Debug|Any CPU
	EndGlobalSection
	GlobalSection(ProjectConfigurationPlatforms) = postSolution
		{227E5369-13FB-4AF8-8A8F-3132430DD5D2}.Debug|Any CPU.ActiveCfg = Debug|Any CPU
		{227E5369-13FB-4AF8-8A8F-3132430DD5D2}.Debug|Any CPU.Build.0 = Debug|Any CPU
	EndGlobalSection
	GlobalSection(SolutionProperties) = preSolution
		HideSolutionNode = FALSE
	EndGlobalSection
	GlobalSection(ExtensibilityGlobals) = postSolution
		SolutionGuid = {F3A1CE8E-8C40-4A96-B0CA-F3A93551E7CD}
	EndGlobalSection
EndGlobal
